
Microsoft Visual Studio Solution File, Format Version 12.00
# Visual Studio Version 17
VisualStudioVersion = 17.11.35208.52
MinimumVisualStudioVersion = 10.0.40219.1
Project("{8BC9CEB8-8B4A-11D0-8D11-00A0C91BC942}") = "test.c", "test.c\test.c.vcxproj", "{EEFD261C-4BCF-4D7E-8AC9-BCD0B642A620}"
EndProject
Global
	GlobalSection(SolutionConfigurationPlatforms) = preSolution
		Debug|x64 = Debug|x64
		Debug|x86 = Debug|x86
		Release|x64 = Release|x64
		Release|x86 = Release|x86
	EndGlobalSection
	GlobalSection(ProjectConfigurationPlatforms) = postSolution
		{EEFD261C-4BCF-4D7E-8AC9-BCD0B642A620}.Debug|x64.ActiveCfg = Debug|x64
		{EEFD261C-4BCF-4D7E-8AC9-BCD0B642A620}.Debug|x64.Build.0 = Debug|x64
		{EEFD261C-4BCF-4D7E-8AC9-BCD0B642A620}.Debug|x86.ActiveCfg = Debug|Win32
		{EEFD261C-4BCF-4D7E-8AC9-BCD0B642A620}.Debug|x86.Build.0 = Debug|Win32
		{EEFD261C-4BCF-4D7E-8AC9-BCD0B642A620}.Release|x64.ActiveCfg = Release|x64
		{EEFD261C-4BCF-4D7E-8AC9-BCD0B642A620}.Release|x64.Build.0 = Release|x64
		{EEFD261C-4BCF-4D7E-8AC9-BCD0B642A620}.Release|x86.ActiveCfg = Release|Win32
		{EEFD261C-4BCF-4D7E-8AC9-BCD0B642A620}.Release|x86.Build.0 = Release|Win32
	EndGlobalSection
	GlobalSection(SolutionProperties) = preSolution
		HideSolutionNode = FALSE
	EndGlobalSection
	GlobalSection(ExtensibilityGlobals) = postSolution
		SolutionGuid = {0D82A885-08E1-4818-9DE9-1BCBBE293BE5}
	EndGlobalSection
EndGlobal
