
Microsoft Visual Studio Solution File, Format Version 12.00
# Visual Studio Version 17
VisualStudioVersion = 17.11.35208.52
MinimumVisualStudioVersion = 10.0.40219.1
Project("{8BC9CEB8-8B4A-11D0-8D11-00A0C91BC942}") = "飞机大战", "飞机大战\飞机大战.vcxproj", "{041B0EEB-8C2B-44C8-8407-5EE7E0F3DD9F}"
EndProject
Global
	GlobalSection(SolutionConfigurationPlatforms) = preSolution
		Debug|x64 = Debug|x64
		Debug|x86 = Debug|x86
		Release|x64 = Release|x64
		Release|x86 = Release|x86
	EndGlobalSection
	GlobalSection(ProjectConfigurationPlatforms) = postSolution
		{041B0EEB-8C2B-44C8-8407-5EE7E0F3DD9F}.Debug|x64.ActiveCfg = Debug|x64
		{041B0EEB-8C2B-44C8-8407-5EE7E0F3DD9F}.Debug|x64.Build.0 = Debug|x64
		{041B0EEB-8C2B-44C8-8407-5EE7E0F3DD9F}.Debug|x86.ActiveCfg = Debug|Win32
		{041B0EEB-8C2B-44C8-8407-5EE7E0F3DD9F}.Debug|x86.Build.0 = Debug|Win32
		{041B0EEB-8C2B-44C8-8407-5EE7E0F3DD9F}.Release|x64.ActiveCfg = Release|x64
		{041B0EEB-8C2B-44C8-8407-5EE7E0F3DD9F}.Release|x64.Build.0 = Release|x64
		{041B0EEB-8C2B-44C8-8407-5EE7E0F3DD9F}.Release|x86.ActiveCfg = Release|Win32
		{041B0EEB-8C2B-44C8-8407-5EE7E0F3DD9F}.Release|x86.Build.0 = Release|Win32
	EndGlobalSection
	GlobalSection(SolutionProperties) = preSolution
		HideSolutionNode = FALSE
	EndGlobalSection
	GlobalSection(ExtensibilityGlobals) = postSolution
		SolutionGuid = {BE1B7FCF-102A-4594-8D64-AF383EEB0313}
	EndGlobalSection
EndGlobal
