
Microsoft Visual Studio Solution File, Format Version 12.00
# Visual Studio Version 17
VisualStudioVersion = 17.11.35208.52
MinimumVisualStudioVersion = 10.0.40219.1
Project("{8BC9CEB8-8B4A-11D0-8D11-00A0C91BC942}") = "sum_n", "sum_n.vcxproj", "{BCB0BB43-E3D6-4508-AFB5-18C98FBAA5D4}"
EndProject
Global
	GlobalSection(SolutionConfigurationPlatforms) = preSolution
		Debug|x64 = Debug|x64
		Debug|x86 = Debug|x86
		Release|x64 = Release|x64
		Release|x86 = Release|x86
	EndGlobalSection
	GlobalSection(ProjectConfigurationPlatforms) = postSolution
		{BCB0BB43-E3D6-4508-AFB5-18C98FBAA5D4}.Debug|x64.ActiveCfg = Debug|x64
		{BCB0BB43-E3D6-4508-AFB5-18C98FBAA5D4}.Debug|x64.Build.0 = Debug|x64
		{BCB0BB43-E3D6-4508-AFB5-18C98FBAA5D4}.Debug|x86.ActiveCfg = Debug|Win32
		{BCB0BB43-E3D6-4508-AFB5-18C98FBAA5D4}.Debug|x86.Build.0 = Debug|Win32
		{BCB0BB43-E3D6-4508-AFB5-18C98FBAA5D4}.Release|x64.ActiveCfg = Release|x64
		{BCB0BB43-E3D6-4508-AFB5-18C98FBAA5D4}.Release|x64.Build.0 = Release|x64
		{BCB0BB43-E3D6-4508-AFB5-18C98FBAA5D4}.Release|x86.ActiveCfg = Release|Win32
		{BCB0BB43-E3D6-4508-AFB5-18C98FBAA5D4}.Release|x86.Build.0 = Release|Win32
	EndGlobalSection
	GlobalSection(SolutionProperties) = preSolution
		HideSolutionNode = FALSE
	EndGlobalSection
	GlobalSection(ExtensibilityGlobals) = postSolution
		SolutionGuid = {B0CD95E5-B6EF-457A-BE9B-099BA12D8952}
	EndGlobalSection
EndGlobal
